// !$*UTF8*$!
{
	archiveVersion = 1;
	classes = {
	};
	objectVersion = 50;
	objects = {

/* Begin PBXBuildFile section */
		4E0B8AFB5C0098A1EC5FCABF /* Pods_WeatherApp.framework in Frameworks */ = {isa = PBXBuildFile; fileRef = 833DEC3195EE2F04CBFBD963 /* Pods_WeatherApp.framework */; };
		8B1D0BAD21BFE2A800CC52DE /* Localizable.strings in Resources */ = {isa = PBXBuildFile; fileRef = 8B1D0BAF21BFE2A800CC52DE /* Localizable.strings */; };
		8B2505C221B7F7C8009760B2 /* AppDelegate.swift in Sources */ = {isa = PBXBuildFile; fileRef = 8B2505C121B7F7C8009760B2 /* AppDelegate.swift */; };
		8B2505C421B7F7C8009760B2 /* ViewController.swift in Sources */ = {isa = PBXBuildFile; fileRef = 8B2505C321B7F7C8009760B2 /* ViewController.swift */; };
		8B2505C721B7F7C8009760B2 /* Main.storyboard in Resources */ = {isa = PBXBuildFile; fileRef = 8B2505C521B7F7C8009760B2 /* Main.storyboard */; };
		8B2505CA21B7F7C8009760B2 /* WeatherApp.xcdatamodeld in Sources */ = {isa = PBXBuildFile; fileRef = 8B2505C821B7F7C8009760B2 /* WeatherApp.xcdatamodeld */; };
		8B2505CF21B7F7CA009760B2 /* LaunchScreen.storyboard in Resources */ = {isa = PBXBuildFile; fileRef = 8B2505CD21B7F7CA009760B2 /* LaunchScreen.storyboard */; };
		8B2B975721CBAF2800D5C955 /* Extensions.swift in Sources */ = {isa = PBXBuildFile; fileRef = 8B2B975621CBAF2800D5C955 /* Extensions.swift */; };
		8B57F3D621C2373600E4732E /* DeviceManager.swift in Sources */ = {isa = PBXBuildFile; fileRef = 8B57F3D521C2373600E4732E /* DeviceManager.swift */; };
		8B5824E721B914C600664094 /* Constants.swift in Sources */ = {isa = PBXBuildFile; fileRef = 8B5824E621B914C600664094 /* Constants.swift */; };
		8B62DDA421C260A9002330E9 /* Geomanist-Bold.otf in Resources */ = {isa = PBXBuildFile; fileRef = 8B62DD9D21C260A8002330E9 /* Geomanist-Bold.otf */; };
		8B62DDA521C260A9002330E9 /* Geomanist-Black.otf in Resources */ = {isa = PBXBuildFile; fileRef = 8B62DD9E21C260A8002330E9 /* Geomanist-Black.otf */; };
		8B62DDA621C260A9002330E9 /* Geomanist-Light.otf in Resources */ = {isa = PBXBuildFile; fileRef = 8B62DD9F21C260A8002330E9 /* Geomanist-Light.otf */; };
		8B62DDA721C260A9002330E9 /* Geomanist-Book.otf in Resources */ = {isa = PBXBuildFile; fileRef = 8B62DDA021C260A8002330E9 /* Geomanist-Book.otf */; };
		8B62DDA821C260A9002330E9 /* Geomanist-Regular-Italic.otf in Resources */ = {isa = PBXBuildFile; fileRef = 8B62DDA121C260A8002330E9 /* Geomanist-Regular-Italic.otf */; };
		8B62DDA921C260A9002330E9 /* Geomanist-Regular.otf in Resources */ = {isa = PBXBuildFile; fileRef = 8B62DDA221C260A8002330E9 /* Geomanist-Regular.otf */; };
		8B62DDAA21C260A9002330E9 /* Geomanist-ExtraLight.otf in Resources */ = {isa = PBXBuildFile; fileRef = 8B62DDA321C260A8002330E9 /* Geomanist-ExtraLight.otf */; };
		8B62DDAC21C2833E002330E9 /* DateManager.swift in Sources */ = {isa = PBXBuildFile; fileRef = 8B62DDAB21C2833E002330E9 /* DateManager.swift */; };
		8BF5758121BEA2D900726056 /* Asset.xcassets in Resources */ = {isa = PBXBuildFile; fileRef = 8BF5758021BEA2D900726056 /* Asset.xcassets */; };
/* End PBXBuildFile section */

/* Begin PBXFileReference section */
		0FE1238C624D24340832339F /* Pods-WeatherApp.release.xcconfig */ = {isa = PBXFileReference; includeInIndex = 1; lastKnownFileType = text.xcconfig; name = "Pods-WeatherApp.release.xcconfig"; path = "Pods/Target Support Files/Pods-WeatherApp/Pods-WeatherApp.release.xcconfig"; sourceTree = "<group>"; };
		29A752528077ECF1A66DA6AA /* Pods-WeatherApp.debug.xcconfig */ = {isa = PBXFileReference; includeInIndex = 1; lastKnownFileType = text.xcconfig; name = "Pods-WeatherApp.debug.xcconfig"; path = "Pods/Target Support Files/Pods-WeatherApp/Pods-WeatherApp.debug.xcconfig"; sourceTree = "<group>"; };
		833DEC3195EE2F04CBFBD963 /* Pods_WeatherApp.framework */ = {isa = PBXFileReference; explicitFileType = wrapper.framework; includeInIndex = 0; path = Pods_WeatherApp.framework; sourceTree = BUILT_PRODUCTS_DIR; };
		8B1D0BAE21BFE2A800CC52DE /* en */ = {isa = PBXFileReference; lastKnownFileType = text.plist.strings; name = en; path = en.lproj/Localizable.strings; sourceTree = "<group>"; };
		8B1D0BB021BFE3A200CC52DE /* ru */ = {isa = PBXFileReference; lastKnownFileType = text.plist.strings; name = ru; path = ru.lproj/Main.strings; sourceTree = "<group>"; };
		8B1D0BB121BFE3A200CC52DE /* ru */ = {isa = PBXFileReference; lastKnownFileType = text.plist.strings; name = ru; path = ru.lproj/LaunchScreen.strings; sourceTree = "<group>"; };
		8B1D0BB221BFE3A300CC52DE /* ru */ = {isa = PBXFileReference; lastKnownFileType = text.plist.strings; name = ru; path = ru.lproj/Localizable.strings; sourceTree = "<group>"; };
		8B2505BE21B7F7C8009760B2 /* WeatherApp.app */ = {isa = PBXFileReference; explicitFileType = wrapper.application; includeInIndex = 0; path = WeatherApp.app; sourceTree = BUILT_PRODUCTS_DIR; };
		8B2505C121B7F7C8009760B2 /* AppDelegate.swift */ = {isa = PBXFileReference; lastKnownFileType = sourcecode.swift; path = AppDelegate.swift; sourceTree = "<group>"; };
		8B2505C321B7F7C8009760B2 /* ViewController.swift */ = {isa = PBXFileReference; lastKnownFileType = sourcecode.swift; path = ViewController.swift; sourceTree = "<group>"; };
		8B2505C621B7F7C8009760B2 /* Base */ = {isa = PBXFileReference; lastKnownFileType = file.storyboard; name = Base; path = Base.lproj/Main.storyboard; sourceTree = "<group>"; };
		8B2505C921B7F7C8009760B2 /* WeatherApp.xcdatamodel */ = {isa = PBXFileReference; lastKnownFileType = wrapper.xcdatamodel; path = WeatherApp.xcdatamodel; sourceTree = "<group>"; };
		8B2505CE21B7F7CA009760B2 /* Base */ = {isa = PBXFileReference; lastKnownFileType = file.storyboard; name = Base; path = Base.lproj/LaunchScreen.storyboard; sourceTree = "<group>"; };
		8B2505D021B7F7CA009760B2 /* Info.plist */ = {isa = PBXFileReference; lastKnownFileType = text.plist.xml; path = Info.plist; sourceTree = "<group>"; };
		8B2B975621CBAF2800D5C955 /* Extensions.swift */ = {isa = PBXFileReference; lastKnownFileType = sourcecode.swift; path = Extensions.swift; sourceTree = "<group>"; };
		8B57F3D521C2373600E4732E /* DeviceManager.swift */ = {isa = PBXFileReference; lastKnownFileType = sourcecode.swift; path = DeviceManager.swift; sourceTree = "<group>"; };
		8B5824E621B914C600664094 /* Constants.swift */ = {isa = PBXFileReference; lastKnownFileType = sourcecode.swift; path = Constants.swift; sourceTree = "<group>"; };
		8B62DD9D21C260A8002330E9 /* Geomanist-Bold.otf */ = {isa = PBXFileReference; lastKnownFileType = file; path = "Geomanist-Bold.otf"; sourceTree = "<group>"; };
		8B62DD9E21C260A8002330E9 /* Geomanist-Black.otf */ = {isa = PBXFileReference; lastKnownFileType = file; path = "Geomanist-Black.otf"; sourceTree = "<group>"; };
		8B62DD9F21C260A8002330E9 /* Geomanist-Light.otf */ = {isa = PBXFileReference; lastKnownFileType = file; path = "Geomanist-Light.otf"; sourceTree = "<group>"; };
		8B62DDA021C260A8002330E9 /* Geomanist-Book.otf */ = {isa = PBXFileReference; lastKnownFileType = file; path = "Geomanist-Book.otf"; sourceTree = "<group>"; };
		8B62DDA121C260A8002330E9 /* Geomanist-Regular-Italic.otf */ = {isa = PBXFileReference; lastKnownFileType = file; path = "Geomanist-Regular-Italic.otf"; sourceTree = "<group>"; };
		8B62DDA221C260A8002330E9 /* Geomanist-Regular.otf */ = {isa = PBXFileReference; lastKnownFileType = file; path = "Geomanist-Regular.otf"; sourceTree = "<group>"; };
		8B62DDA321C260A8002330E9 /* Geomanist-ExtraLight.otf */ = {isa = PBXFileReference; lastKnownFileType = file; path = "Geomanist-ExtraLight.otf"; sourceTree = "<group>"; };
		8B62DDAB21C2833E002330E9 /* DateManager.swift */ = {isa = PBXFileReference; lastKnownFileType = sourcecode.swift; path = DateManager.swift; sourceTree = "<group>"; };
		8BF5758021BEA2D900726056 /* Asset.xcassets */ = {isa = PBXFileReference; lastKnownFileType = folder.assetcatalog; name = Asset.xcassets; path = WeatherApp/Asset.xcassets; sourceTree = "<group>"; };
/* End PBXFileReference section */

/* Begin PBXFrameworksBuildPhase section */
		8B2505BB21B7F7C8009760B2 /* Frameworks */ = {
			isa = PBXFrameworksBuildPhase;
			buildActionMask = 2147483647;
			files = (
				4E0B8AFB5C0098A1EC5FCABF /* Pods_WeatherApp.framework in Frameworks */,
			);
			runOnlyForDeploymentPostprocessing = 0;
		};
/* End PBXFrameworksBuildPhase section */

/* Begin PBXGroup section */
		12DC91424EB1E1F93452B7F9 /* Frameworks */ = {
			isa = PBXGroup;
			children = (
				833DEC3195EE2F04CBFBD963 /* Pods_WeatherApp.framework */,
			);
			name = Frameworks;
			sourceTree = "<group>";
		};
		8B2505B521B7F7C8009760B2 = {
			isa = PBXGroup;
			children = (
				8BF5758021BEA2D900726056 /* Asset.xcassets */,
				8B2505C021B7F7C8009760B2 /* WeatherApp */,
				8B2505BF21B7F7C8009760B2 /* Products */,
				9B2343398C88C8D869FC9F59 /* Pods */,
				12DC91424EB1E1F93452B7F9 /* Frameworks */,
			);
			sourceTree = "<group>";
		};
		8B2505BF21B7F7C8009760B2 /* Products */ = {
			isa = PBXGroup;
			children = (
				8B2505BE21B7F7C8009760B2 /* WeatherApp.app */,
			);
			name = Products;
			sourceTree = "<group>";
		};
		8B2505C021B7F7C8009760B2 /* WeatherApp */ = {
			isa = PBXGroup;
			children = (
				8B5824E921B9164F00664094 /* Application */,
				8B5824E121B912E900664094 /* Models */,
				8B5824E221B912F900664094 /* Views */,
				8B5824E321B9130000664094 /* Controllers */,
				8B5824E821B9163400664094 /* Storyboards */,
				8B5824EA21B920D300664094 /* Library */,
				8B5824EB21B920EB00664094 /* Resources */,
				8B5824E521B9131400664094 /* Helpers */,
			);
			path = WeatherApp;
			sourceTree = "<group>";
		};
		8B5824E121B912E900664094 /* Models */ = {
			isa = PBXGroup;
			children = (
			);
			path = Models;
			sourceTree = "<group>";
		};
		8B5824E221B912F900664094 /* Views */ = {
			isa = PBXGroup;
			children = (
			);
			path = Views;
			sourceTree = "<group>";
		};
		8B5824E321B9130000664094 /* Controllers */ = {
			isa = PBXGroup;
			children = (
				8B2505C321B7F7C8009760B2 /* ViewController.swift */,
			);
			path = Controllers;
			sourceTree = "<group>";
		};
		8B5824E521B9131400664094 /* Helpers */ = {
			isa = PBXGroup;
			children = (
				8B5824E621B914C600664094 /* Constants.swift */,
				8B57F3D521C2373600E4732E /* DeviceManager.swift */,
				8B62DDAB21C2833E002330E9 /* DateManager.swift */,
				8B2B975621CBAF2800D5C955 /* Extensions.swift */,
			);
			path = Helpers;
			sourceTree = "<group>";
		};
		8B5824E821B9163400664094 /* Storyboards */ = {
			isa = PBXGroup;
			children = (
				8B2505C521B7F7C8009760B2 /* Main.storyboard */,
				8B2505CD21B7F7CA009760B2 /* LaunchScreen.storyboard */,
			);
			path = Storyboards;
			sourceTree = "<group>";
		};
		8B5824E921B9164F00664094 /* Application */ = {
			isa = PBXGroup;
			children = (
				8B2505C121B7F7C8009760B2 /* AppDelegate.swift */,
				8B2505D021B7F7CA009760B2 /* Info.plist */,
				8B2505C821B7F7C8009760B2 /* WeatherApp.xcdatamodeld */,
				8B1D0BAF21BFE2A800CC52DE /* Localizable.strings */,
			);
			path = Application;
			sourceTree = "<group>";
		};
		8B5824EA21B920D300664094 /* Library */ = {
			isa = PBXGroup;
			children = (
			);
			path = Library;
			sourceTree = "<group>";
		};
		8B5824EB21B920EB00664094 /* Resources */ = {
			isa = PBXGroup;
			children = (
				8B62DD9E21C260A8002330E9 /* Geomanist-Black.otf */,
				8B62DD9D21C260A8002330E9 /* Geomanist-Bold.otf */,
				8B62DDA021C260A8002330E9 /* Geomanist-Book.otf */,
				8B62DDA321C260A8002330E9 /* Geomanist-ExtraLight.otf */,
				8B62DD9F21C260A8002330E9 /* Geomanist-Light.otf */,
				8B62DDA121C260A8002330E9 /* Geomanist-Regular-Italic.otf */,
				8B62DDA221C260A8002330E9 /* Geomanist-Regular.otf */,
			);
			path = Resources;
			sourceTree = "<group>";
		};
		9B2343398C88C8D869FC9F59 /* Pods */ = {
			isa = PBXGroup;
			children = (
				29A752528077ECF1A66DA6AA /* Pods-WeatherApp.debug.xcconfig */,
				0FE1238C624D24340832339F /* Pods-WeatherApp.release.xcconfig */,
			);
			name = Pods;
			sourceTree = "<group>";
		};
/* End PBXGroup section */

/* Begin PBXNativeTarget section */
		8B2505BD21B7F7C8009760B2 /* WeatherApp */ = {
			isa = PBXNativeTarget;
			buildConfigurationList = 8B2505D321B7F7CA009760B2 /* Build configuration list for PBXNativeTarget "WeatherApp" */;
			buildPhases = (
				1547C6D3E6643624602476AA /* [CP] Check Pods Manifest.lock */,
				8B2505BA21B7F7C8009760B2 /* Sources */,
				8B2505BB21B7F7C8009760B2 /* Frameworks */,
				8B2505BC21B7F7C8009760B2 /* Resources */,
				DD8F145610F47C2F13336A35 /* [CP] Embed Pods Frameworks */,
			);
			buildRules = (
			);
			dependencies = (
			);
			name = WeatherApp;
			productName = WeatherApp;
			productReference = 8B2505BE21B7F7C8009760B2 /* WeatherApp.app */;
			productType = "com.apple.product-type.application";
		};
/* End PBXNativeTarget section */

/* Begin PBXProject section */
		8B2505B621B7F7C8009760B2 /* Project object */ = {
			isa = PBXProject;
			attributes = {
				LastSwiftUpdateCheck = 1010;
				LastUpgradeCheck = 1010;
				ORGANIZATIONNAME = "Максим Матусевич";
				TargetAttributes = {
					8B2505BD21B7F7C8009760B2 = {
						CreatedOnToolsVersion = 10.1;
					};
				};
			};
			buildConfigurationList = 8B2505B921B7F7C8009760B2 /* Build configuration list for PBXProject "WeatherApp" */;
			compatibilityVersion = "Xcode 9.3";
			developmentRegion = en;
			hasScannedForEncodings = 0;
			knownRegions = (
				en,
				Base,
				ru,
			);
			mainGroup = 8B2505B521B7F7C8009760B2;
			productRefGroup = 8B2505BF21B7F7C8009760B2 /* Products */;
			projectDirPath = "";
			projectRoot = "";
			targets = (
				8B2505BD21B7F7C8009760B2 /* WeatherApp */,
			);
		};
/* End PBXProject section */

/* Begin PBXResourcesBuildPhase section */
		8B2505BC21B7F7C8009760B2 /* Resources */ = {
			isa = PBXResourcesBuildPhase;
			buildActionMask = 2147483647;
			files = (
				8B62DDA721C260A9002330E9 /* Geomanist-Book.otf in Resources */,
				8BF5758121BEA2D900726056 /* Asset.xcassets in Resources */,
				8B62DDA521C260A9002330E9 /* Geomanist-Black.otf in Resources */,
				8B62DDA821C260A9002330E9 /* Geomanist-Regular-Italic.otf in Resources */,
				8B62DDA921C260A9002330E9 /* Geomanist-Regular.otf in Resources */,
				8B1D0BAD21BFE2A800CC52DE /* Localizable.strings in Resources */,
				8B2505CF21B7F7CA009760B2 /* LaunchScreen.storyboard in Resources */,
				8B62DDA621C260A9002330E9 /* Geomanist-Light.otf in Resources */,
				8B62DDA421C260A9002330E9 /* Geomanist-Bold.otf in Resources */,
				8B2505C721B7F7C8009760B2 /* Main.storyboard in Resources */,
				8B62DDAA21C260A9002330E9 /* Geomanist-ExtraLight.otf in Resources */,
			);
			runOnlyForDeploymentPostprocessing = 0;
		};
/* End PBXResourcesBuildPhase section */

/* Begin PBXShellScriptBuildPhase section */
		1547C6D3E6643624602476AA /* [CP] Check Pods Manifest.lock */ = {
			isa = PBXShellScriptBuildPhase;
			buildActionMask = 2147483647;
			files = (
			);
			inputFileListPaths = (
			);
			inputPaths = (
				"${PODS_PODFILE_DIR_PATH}/Podfile.lock",
				"${PODS_ROOT}/Manifest.lock",
			);
			name = "[CP] Check Pods Manifest.lock";
			outputFileListPaths = (
			);
			outputPaths = (
				"$(DERIVED_FILE_DIR)/Pods-WeatherApp-checkManifestLockResult.txt",
			);
			runOnlyForDeploymentPostprocessing = 0;
			shellPath = /bin/sh;
			shellScript = "diff \"${PODS_PODFILE_DIR_PATH}/Podfile.lock\" \"${PODS_ROOT}/Manifest.lock\" > /dev/null\nif [ $? != 0 ] ; then\n    # print error to STDERR\n    echo \"error: The sandbox is not in sync with the Podfile.lock. Run 'pod install' or update your CocoaPods installation.\" >&2\n    exit 1\nfi\n# This output is used by Xcode 'outputs' to avoid re-running this script phase.\necho \"SUCCESS\" > \"${SCRIPT_OUTPUT_FILE_0}\"\n";
			showEnvVarsInLog = 0;
		};
		DD8F145610F47C2F13336A35 /* [CP] Embed Pods Frameworks */ = {
			isa = PBXShellScriptBuildPhase;
			buildActionMask = 2147483647;
			files = (
			);
			inputFileListPaths = (
			);
			inputPaths = (
				"${SRCROOT}/Pods/Target Support Files/Pods-WeatherApp/Pods-WeatherApp-frameworks.sh",
				"${BUILT_PRODUCTS_DIR}/CSVImporter/CSVImporter.framework",
				"${BUILT_PRODUCTS_DIR}/ForecastIO/ForecastIO.framework",
				"${BUILT_PRODUCTS_DIR}/HandySwift/HandySwift.framework",
				"${BUILT_PRODUCTS_DIR}/PureLayout/PureLayout.framework",
			);
			name = "[CP] Embed Pods Frameworks";
			outputFileListPaths = (
			);
			outputPaths = (
				"${TARGET_BUILD_DIR}/${FRAMEWORKS_FOLDER_PATH}/CSVImporter.framework",
				"${TARGET_BUILD_DIR}/${FRAMEWORKS_FOLDER_PATH}/ForecastIO.framework",
				"${TARGET_BUILD_DIR}/${FRAMEWORKS_FOLDER_PATH}/HandySwift.framework",
				"${TARGET_BUILD_DIR}/${FRAMEWORKS_FOLDER_PATH}/PureLayout.framework",
			);
			runOnlyForDeploymentPostprocessing = 0;
			shellPath = /bin/sh;
			shellScript = "\"${SRCROOT}/Pods/Target Support Files/Pods-WeatherApp/Pods-WeatherApp-frameworks.sh\"\n";
			showEnvVarsInLog = 0;
		};
/* End PBXShellScriptBuildPhase section */

/* Begin PBXSourcesBuildPhase section */
		8B2505BA21B7F7C8009760B2 /* Sources */ = {
			isa = PBXSourcesBuildPhase;
			buildActionMask = 2147483647;
			files = (
				8B62DDAC21C2833E002330E9 /* DateManager.swift in Sources */,
				8B57F3D621C2373600E4732E /* DeviceManager.swift in Sources */,
				8B2505CA21B7F7C8009760B2 /* WeatherApp.xcdatamodeld in Sources */,
				8B2B975721CBAF2800D5C955 /* Extensions.swift in Sources */,
				8B2505C421B7F7C8009760B2 /* ViewController.swift in Sources */,
				8B2505C221B7F7C8009760B2 /* AppDelegate.swift in Sources */,
				8B5824E721B914C600664094 /* Constants.swift in Sources */,
			);
			runOnlyForDeploymentPostprocessing = 0;
		};
/* End PBXSourcesBuildPhase section */

/* Begin PBXVariantGroup section */
		8B1D0BAF21BFE2A800CC52DE /* Localizable.strings */ = {
			isa = PBXVariantGroup;
			children = (
				8B1D0BAE21BFE2A800CC52DE /* en */,
				8B1D0BB221BFE3A300CC52DE /* ru */,
			);
			name = Localizable.strings;
			sourceTree = "<group>";
		};
		8B2505C521B7F7C8009760B2 /* Main.storyboard */ = {
			isa = PBXVariantGroup;
			children = (
				8B2505C621B7F7C8009760B2 /* Base */,
				8B1D0BB021BFE3A200CC52DE /* ru */,
			);
			name = Main.storyboard;
			sourceTree = "<group>";
		};
		8B2505CD21B7F7CA009760B2 /* LaunchScreen.storyboard */ = {
			isa = PBXVariantGroup;
			children = (
				8B2505CE21B7F7CA009760B2 /* Base */,
				8B1D0BB121BFE3A200CC52DE /* ru */,
			);
			name = LaunchScreen.storyboard;
			sourceTree = "<group>";
		};
/* End PBXVariantGroup section */

/* Begin XCBuildConfiguration section */
		8B2505D121B7F7CA009760B2 /* Debug */ = {
			isa = XCBuildConfiguration;
			buildSettings = {
				ALWAYS_SEARCH_USER_PATHS = NO;
				CLANG_ANALYZER_LOCALIZABILITY_NONLOCALIZED = YES;
				CLANG_ANALYZER_NONNULL = YES;
				CLANG_ANALYZER_NUMBER_OBJECT_CONVERSION = YES_AGGRESSIVE;
				CLANG_CXX_LANGUAGE_STANDARD = "gnu++14";
				CLANG_CXX_LIBRARY = "libc++";
				CLANG_ENABLE_MODULES = YES;
				CLANG_ENABLE_OBJC_ARC = YES;
				CLANG_ENABLE_OBJC_WEAK = YES;
				CLANG_WARN_BLOCK_CAPTURE_AUTORELEASING = YES;
				CLANG_WARN_BOOL_CONVERSION = YES;
				CLANG_WARN_COMMA = YES;
				CLANG_WARN_CONSTANT_CONVERSION = YES;
				CLANG_WARN_DEPRECATED_OBJC_IMPLEMENTATIONS = YES;
				CLANG_WARN_DIRECT_OBJC_ISA_USAGE = YES_ERROR;
				CLANG_WARN_DOCUMENTATION_COMMENTS = YES;
				CLANG_WARN_EMPTY_BODY = YES;
				CLANG_WARN_ENUM_CONVERSION = YES;
				CLANG_WARN_INFINITE_RECURSION = YES;
				CLANG_WARN_INT_CONVERSION = YES;
				CLANG_WARN_NON_LITERAL_NULL_CONVERSION = YES;
				CLANG_WARN_OBJC_IMPLICIT_RETAIN_SELF = YES;
				CLANG_WARN_OBJC_LITERAL_CONVERSION = YES;
				CLANG_WARN_OBJC_ROOT_CLASS = YES_ERROR;
				CLANG_WARN_RANGE_LOOP_ANALYSIS = YES;
				CLANG_WARN_STRICT_PROTOTYPES = YES;
				CLANG_WARN_SUSPICIOUS_MOVE = YES;
				CLANG_WARN_UNGUARDED_AVAILABILITY = YES_AGGRESSIVE;
				CLANG_WARN_UNREACHABLE_CODE = YES;
				CLANG_WARN__DUPLICATE_METHOD_MATCH = YES;
				CODE_SIGN_IDENTITY = "iPhone Developer";
				COPY_PHASE_STRIP = NO;
				DEBUG_INFORMATION_FORMAT = dwarf;
				ENABLE_STRICT_OBJC_MSGSEND = YES;
				ENABLE_TESTABILITY = YES;
				GCC_C_LANGUAGE_STANDARD = gnu11;
				GCC_DYNAMIC_NO_PIC = NO;
				GCC_NO_COMMON_BLOCKS = YES;
				GCC_OPTIMIZATION_LEVEL = 0;
				GCC_PREPROCESSOR_DEFINITIONS = (
					"DEBUG=1",
					"$(inherited)",
				);
				GCC_WARN_64_TO_32_BIT_CONVERSION = YES;
				GCC_WARN_ABOUT_RETURN_TYPE = YES_ERROR;
				GCC_WARN_UNDECLARED_SELECTOR = YES;
				GCC_WARN_UNINITIALIZED_AUTOS = YES_AGGRESSIVE;
				GCC_WARN_UNUSED_FUNCTION = YES;
				GCC_WARN_UNUSED_VARIABLE = YES;
				IPHONEOS_DEPLOYMENT_TARGET = 12.1;
				MTL_ENABLE_DEBUG_INFO = INCLUDE_SOURCE;
				MTL_FAST_MATH = YES;
				ONLY_ACTIVE_ARCH = YES;
				SDKROOT = iphoneos;
				SWIFT_ACTIVE_COMPILATION_CONDITIONS = DEBUG;
				SWIFT_OPTIMIZATION_LEVEL = "-Onone";
			};
			name = Debug;
		};
		8B2505D221B7F7CA009760B2 /* Release */ = {
			isa = XCBuildConfiguration;
			buildSettings = {
				ALWAYS_SEARCH_USER_PATHS = NO;
				CLANG_ANALYZER_LOCALIZABILITY_NONLOCALIZED = YES;
				CLANG_ANALYZER_NONNULL = YES;
				CLANG_ANALYZER_NUMBER_OBJECT_CONVERSION = YES_AGGRESSIVE;
				CLANG_CXX_LANGUAGE_STANDARD = "gnu++14";
				CLANG_CXX_LIBRARY = "libc++";
				CLANG_ENABLE_MODULES = YES;
				CLANG_ENABLE_OBJC_ARC = YES;
				CLANG_ENABLE_OBJC_WEAK = YES;
				CLANG_WARN_BLOCK_CAPTURE_AUTORELEASING = YES;
				CLANG_WARN_BOOL_CONVERSION = YES;
				CLANG_WARN_COMMA = YES;
				CLANG_WARN_CONSTANT_CONVERSION = YES;
				CLANG_WARN_DEPRECATED_OBJC_IMPLEMENTATIONS = YES;
				CLANG_WARN_DIRECT_OBJC_ISA_USAGE = YES_ERROR;
				CLANG_WARN_DOCUMENTATION_COMMENTS = YES;
				CLANG_WARN_EMPTY_BODY = YES;
				CLANG_WARN_ENUM_CONVERSION = YES;
				CLANG_WARN_INFINITE_RECURSION = YES;
				CLANG_WARN_INT_CONVERSION = YES;
				CLANG_WARN_NON_LITERAL_NULL_CONVERSION = YES;
				CLANG_WARN_OBJC_IMPLICIT_RETAIN_SELF = YES;
				CLANG_WARN_OBJC_LITERAL_CONVERSION = YES;
				CLANG_WARN_OBJC_ROOT_CLASS = YES_ERROR;
				CLANG_WARN_RANGE_LOOP_ANALYSIS = YES;
				CLANG_WARN_STRICT_PROTOTYPES = YES;
				CLANG_WARN_SUSPICIOUS_MOVE = YES;
				CLANG_WARN_UNGUARDED_AVAILABILITY = YES_AGGRESSIVE;
				CLANG_WARN_UNREACHABLE_CODE = YES;
				CLANG_WARN__DUPLICATE_METHOD_MATCH = YES;
				CODE_SIGN_IDENTITY = "iPhone Developer";
				COPY_PHASE_STRIP = NO;
				DEBUG_INFORMATION_FORMAT = "dwarf-with-dsym";
				ENABLE_NS_ASSERTIONS = NO;
				ENABLE_STRICT_OBJC_MSGSEND = YES;
				GCC_C_LANGUAGE_STANDARD = gnu11;
				GCC_NO_COMMON_BLOCKS = YES;
				GCC_WARN_64_TO_32_BIT_CONVERSION = YES;
				GCC_WARN_ABOUT_RETURN_TYPE = YES_ERROR;
				GCC_WARN_UNDECLARED_SELECTOR = YES;
				GCC_WARN_UNINITIALIZED_AUTOS = YES_AGGRESSIVE;
				GCC_WARN_UNUSED_FUNCTION = YES;
				GCC_WARN_UNUSED_VARIABLE = YES;
				IPHONEOS_DEPLOYMENT_TARGET = 12.1;
				MTL_ENABLE_DEBUG_INFO = NO;
				MTL_FAST_MATH = YES;
				SDKROOT = iphoneos;
				SWIFT_COMPILATION_MODE = wholemodule;
				SWIFT_OPTIMIZATION_LEVEL = "-O";
				VALIDATE_PRODUCT = YES;
			};
			name = Release;
		};
		8B2505D421B7F7CA009760B2 /* Debug */ = {
			isa = XCBuildConfiguration;
			baseConfigurationReference = 29A752528077ECF1A66DA6AA /* Pods-WeatherApp.debug.xcconfig */;
			buildSettings = {
				ASSETCATALOG_COMPILER_APPICON_NAME = AppIcon;
				CODE_SIGN_STYLE = Automatic;
				DEVELOPMENT_TEAM = E23BKKUH5D;
				INFOPLIST_FILE = WeatherApp/Application/Info.plist;
				LD_RUNPATH_SEARCH_PATHS = (
					"$(inherited)",
					"@executable_path/Frameworks",
				);
				PRODUCT_BUNDLE_IDENTIFIER = com.chainartsoft.Prankem;
				PRODUCT_NAME = "$(TARGET_NAME)";
				SWIFT_VERSION = 4.2;
				TARGETED_DEVICE_FAMILY = "1,2";
			};
			name = Debug;
		};
		8B2505D521B7F7CA009760B2 /* Release */ = {
			isa = XCBuildConfiguration;
			baseConfigurationReference = 0FE1238C624D24340832339F /* Pods-WeatherApp.release.xcconfig */;
			buildSettings = {
				ASSETCATALOG_COMPILER_APPICON_NAME = AppIcon;
				CODE_SIGN_STYLE = Automatic;
				DEVELOPMENT_TEAM = E23BKKUH5D;
				INFOPLIST_FILE = WeatherApp/Application/Info.plist;
				LD_RUNPATH_SEARCH_PATHS = (
					"$(inherited)",
					"@executable_path/Frameworks",
				);
				PRODUCT_BUNDLE_IDENTIFIER = com.chainartsoft.Prankem;
				PRODUCT_NAME = "$(TARGET_NAME)";
				SWIFT_VERSION = 4.2;
				TARGETED_DEVICE_FAMILY = "1,2";
			};
			name = Release;
		};
/* End XCBuildConfiguration section */

/* Begin XCConfigurationList section */
		8B2505B921B7F7C8009760B2 /* Build configuration list for PBXProject "WeatherApp" */ = {
			isa = XCConfigurationList;
			buildConfigurations = (
				8B2505D121B7F7CA009760B2 /* Debug */,
				8B2505D221B7F7CA009760B2 /* Release */,
			);
			defaultConfigurationIsVisible = 0;
			defaultConfigurationName = Release;
		};
		8B2505D321B7F7CA009760B2 /* Build configuration list for PBXNativeTarget "WeatherApp" */ = {
			isa = XCConfigurationList;
			buildConfigurations = (
				8B2505D421B7F7CA009760B2 /* Debug */,
				8B2505D521B7F7CA009760B2 /* Release */,
			);
			defaultConfigurationIsVisible = 0;
			defaultConfigurationName = Release;
		};
/* End XCConfigurationList section */

/* Begin XCVersionGroup section */
		8B2505C821B7F7C8009760B2 /* WeatherApp.xcdatamodeld */ = {
			isa = XCVersionGroup;
			children = (
				8B2505C921B7F7C8009760B2 /* WeatherApp.xcdatamodel */,
			);
			currentVersion = 8B2505C921B7F7C8009760B2 /* WeatherApp.xcdatamodel */;
			path = WeatherApp.xcdatamodeld;
			sourceTree = "<group>";
			versionGroupType = wrapper.xcdatamodel;
		};
/* End XCVersionGroup section */
	};
	rootObject = 8B2505B621B7F7C8009760B2 /* Project object */;
}
